// !$*UTF8*$!
{
	archiveVersion = 1;
	classes = {
	};
	objectVersion = 46;
	objects = {

/* Begin PBXBuildFile section */
		C83C82944F20A6084EAB88C7 /* Pods_BookeeFinalExame.framework in Frameworks */ = {isa = PBXBuildFile; fileRef = 2958F15B63647589373C4B18 /* Pods_BookeeFinalExame.framework */; };
		EBB584111DA76C100098B9C3 /* AppDelegate.swift in Sources */ = {isa = PBXBuildFile; fileRef = EBB584101DA76C100098B9C3 /* AppDelegate.swift */; };
		EBB584161DA76C100098B9C3 /* Main.storyboard in Resources */ = {isa = PBXBuildFile; fileRef = EBB584141DA76C100098B9C3 /* Main.storyboard */; };
		EBB584181DA76C100098B9C3 /* Assets.xcassets in Resources */ = {isa = PBXBuildFile; fileRef = EBB584171DA76C100098B9C3 /* Assets.xcassets */; };
		EBB5841B1DA76C100098B9C3 /* LaunchScreen.storyboard in Resources */ = {isa = PBXBuildFile; fileRef = EBB584191DA76C100098B9C3 /* LaunchScreen.storyboard */; };
		EBB584251DA771400098B9C3 /* Book.swift in Sources */ = {isa = PBXBuildFile; fileRef = EBB584241DA771400098B9C3 /* Book.swift */; };
		EBB584271DA771D10098B9C3 /* BookTableViewController.swift in Sources */ = {isa = PBXBuildFile; fileRef = EBB584261DA771D10098B9C3 /* BookTableViewController.swift */; };
		EBB584291DA778720098B9C3 /* GoogleService-Info.plist in Resources */ = {isa = PBXBuildFile; fileRef = EBB584281DA778720098B9C3 /* GoogleService-Info.plist */; };
		EBB5842F1DA783EC0098B9C3 /* BookDetailTableViewController.swift in Sources */ = {isa = PBXBuildFile; fileRef = EBB5842E1DA783EC0098B9C3 /* BookDetailTableViewController.swift */; };
		EBB584311DA78CC00098B9C3 /* CreateBookTableViewController.swift in Sources */ = {isa = PBXBuildFile; fileRef = EBB584301DA78CC00098B9C3 /* CreateBookTableViewController.swift */; };
		EBB584331DA797160098B9C3 /* BookCoverViewController.swift in Sources */ = {isa = PBXBuildFile; fileRef = EBB584321DA797160098B9C3 /* BookCoverViewController.swift */; };
		EBB584351DA79A230098B9C3 /* MapKit.framework in Frameworks */ = {isa = PBXBuildFile; fileRef = EBB584341DA79A230098B9C3 /* MapKit.framework */; };
		EBB584371DA79A330098B9C3 /* ShopMapViewController.swift in Sources */ = {isa = PBXBuildFile; fileRef = EBB584361DA79A330098B9C3 /* ShopMapViewController.swift */; };
/* End PBXBuildFile section */

/* Begin PBXFileReference section */
		24AE6232FFE5FE11D801BB6F /* Pods-BookeeFinalExame.debug.xcconfig */ = {isa = PBXFileReference; includeInIndex = 1; lastKnownFileType = text.xcconfig; name = "Pods-BookeeFinalExame.debug.xcconfig"; path = "Pods/Target Support Files/Pods-BookeeFinalExame/Pods-BookeeFinalExame.debug.xcconfig"; sourceTree = "<group>"; };
		2958F15B63647589373C4B18 /* Pods_BookeeFinalExame.framework */ = {isa = PBXFileReference; explicitFileType = wrapper.framework; includeInIndex = 0; path = Pods_BookeeFinalExame.framework; sourceTree = BUILT_PRODUCTS_DIR; };
		45FF8215784EE323DED5CC0B /* Pods-BookeeFinalExame.release.xcconfig */ = {isa = PBXFileReference; includeInIndex = 1; lastKnownFileType = text.xcconfig; name = "Pods-BookeeFinalExame.release.xcconfig"; path = "Pods/Target Support Files/Pods-BookeeFinalExame/Pods-BookeeFinalExame.release.xcconfig"; sourceTree = "<group>"; };
		EBB5840D1DA76C100098B9C3 /* BookeeFinalExame.app */ = {isa = PBXFileReference; explicitFileType = wrapper.application; includeInIndex = 0; path = BookeeFinalExame.app; sourceTree = BUILT_PRODUCTS_DIR; };
		EBB584101DA76C100098B9C3 /* AppDelegate.swift */ = {isa = PBXFileReference; lastKnownFileType = sourcecode.swift; path = AppDelegate.swift; sourceTree = "<group>"; };
		EBB584151DA76C100098B9C3 /* Base */ = {isa = PBXFileReference; lastKnownFileType = file.storyboard; name = Base; path = Base.lproj/Main.storyboard; sourceTree = "<group>"; };
		EBB584171DA76C100098B9C3 /* Assets.xcassets */ = {isa = PBXFileReference; lastKnownFileType = folder.assetcatalog; path = Assets.xcassets; sourceTree = "<group>"; };
		EBB5841A1DA76C100098B9C3 /* Base */ = {isa = PBXFileReference; lastKnownFileType = file.storyboard; name = Base; path = Base.lproj/LaunchScreen.storyboard; sourceTree = "<group>"; };
		EBB5841C1DA76C100098B9C3 /* Info.plist */ = {isa = PBXFileReference; lastKnownFileType = text.plist.xml; path = Info.plist; sourceTree = "<group>"; };
		EBB584241DA771400098B9C3 /* Book.swift */ = {isa = PBXFileReference; fileEncoding = 4; lastKnownFileType = sourcecode.swift; path = Book.swift; sourceTree = "<group>"; };
		EBB584261DA771D10098B9C3 /* BookTableViewController.swift */ = {isa = PBXFileReference; fileEncoding = 4; lastKnownFileType = sourcecode.swift; path = BookTableViewController.swift; sourceTree = "<group>"; };
		EBB584281DA778720098B9C3 /* GoogleService-Info.plist */ = {isa = PBXFileReference; fileEncoding = 4; lastKnownFileType = text.plist.xml; path = "GoogleService-Info.plist"; sourceTree = "<group>"; };
		EBB5842E1DA783EC0098B9C3 /* BookDetailTableViewController.swift */ = {isa = PBXFileReference; fileEncoding = 4; lastKnownFileType = sourcecode.swift; path = BookDetailTableViewController.swift; sourceTree = "<group>"; };
		EBB584301DA78CC00098B9C3 /* CreateBookTableViewController.swift */ = {isa = PBXFileReference; fileEncoding = 4; lastKnownFileType = sourcecode.swift; path = CreateBookTableViewController.swift; sourceTree = "<group>"; };
		EBB584321DA797160098B9C3 /* BookCoverViewController.swift */ = {isa = PBXFileReference; fileEncoding = 4; lastKnownFileType = sourcecode.swift; path = BookCoverViewController.swift; sourceTree = "<group>"; };
		EBB584341DA79A230098B9C3 /* MapKit.framework */ = {isa = PBXFileReference; lastKnownFileType = wrapper.framework; name = MapKit.framework; path = System/Library/Frameworks/MapKit.framework; sourceTree = SDKROOT; };
		EBB584361DA79A330098B9C3 /* ShopMapViewController.swift */ = {isa = PBXFileReference; fileEncoding = 4; lastKnownFileType = sourcecode.swift; path = ShopMapViewController.swift; sourceTree = "<group>"; };
/* End PBXFileReference section */

/* Begin PBXFrameworksBuildPhase section */
		EBB5840A1DA76C100098B9C3 /* Frameworks */ = {
			isa = PBXFrameworksBuildPhase;
			buildActionMask = 2147483647;
			files = (
				EBB584351DA79A230098B9C3 /* MapKit.framework in Frameworks */,
				C83C82944F20A6084EAB88C7 /* Pods_BookeeFinalExame.framework in Frameworks */,
			);
			runOnlyForDeploymentPostprocessing = 0;
		};
/* End PBXFrameworksBuildPhase section */

/* Begin PBXGroup section */
		7132E4D07D520DE152C90D34 /* Pods */ = {
			isa = PBXGroup;
			children = (
				24AE6232FFE5FE11D801BB6F /* Pods-BookeeFinalExame.debug.xcconfig */,
				45FF8215784EE323DED5CC0B /* Pods-BookeeFinalExame.release.xcconfig */,
			);
			name = Pods;
			sourceTree = "<group>";
		};
		E3BDCDF55735F0A35719B6C3 /* Frameworks */ = {
			isa = PBXGroup;
			children = (
				EBB584341DA79A230098B9C3 /* MapKit.framework */,
				2958F15B63647589373C4B18 /* Pods_BookeeFinalExame.framework */,
			);
			name = Frameworks;
			sourceTree = "<group>";
		};
		EBB584041DA76C100098B9C3 = {
			isa = PBXGroup;
			children = (
				EBB5840F1DA76C100098B9C3 /* BookeeFinalExame */,
				EBB5840E1DA76C100098B9C3 /* Products */,
				7132E4D07D520DE152C90D34 /* Pods */,
				E3BDCDF55735F0A35719B6C3 /* Frameworks */,
			);
			sourceTree = "<group>";
		};
		EBB5840E1DA76C100098B9C3 /* Products */ = {
			isa = PBXGroup;
			children = (
				EBB5840D1DA76C100098B9C3 /* BookeeFinalExame.app */,
			);
			name = Products;
			sourceTree = "<group>";
		};
		EBB5840F1DA76C100098B9C3 /* BookeeFinalExame */ = {
			isa = PBXGroup;
			children = (
				EBB584101DA76C100098B9C3 /* AppDelegate.swift */,
				EBB584241DA771400098B9C3 /* Book.swift */,
				EBB584261DA771D10098B9C3 /* BookTableViewController.swift */,
				EBB5842E1DA783EC0098B9C3 /* BookDetailTableViewController.swift */,
				EBB584301DA78CC00098B9C3 /* CreateBookTableViewController.swift */,
				EBB584321DA797160098B9C3 /* BookCoverViewController.swift */,
				EBB584141DA76C100098B9C3 /* Main.storyboard */,
				EBB584361DA79A330098B9C3 /* ShopMapViewController.swift */,
				EBB584171DA76C100098B9C3 /* Assets.xcassets */,
				EBB584191DA76C100098B9C3 /* LaunchScreen.storyboard */,
				EBB584281DA778720098B9C3 /* GoogleService-Info.plist */,
				EBB5841C1DA76C100098B9C3 /* Info.plist */,
			);
			path = BookeeFinalExame;
			sourceTree = "<group>";
		};
/* End PBXGroup section */

/* Begin PBXNativeTarget section */
		EBB5840C1DA76C100098B9C3 /* BookeeFinalExame */ = {
			isa = PBXNativeTarget;
			buildConfigurationList = EBB5841F1DA76C100098B9C3 /* Build configuration list for PBXNativeTarget "BookeeFinalExame" */;
			buildPhases = (
				AEA6F649021149940FE80C6A /* [CP] Check Pods Manifest.lock */,
				EBB584091DA76C100098B9C3 /* Sources */,
				EBB5840A1DA76C100098B9C3 /* Frameworks */,
				EBB5840B1DA76C100098B9C3 /* Resources */,
				58BD6AA076FC893168398079 /* [CP] Embed Pods Frameworks */,
				6DAE90B417CC65B65578A93E /* [CP] Copy Pods Resources */,
			);
			buildRules = (
			);
			dependencies = (
			);
			name = BookeeFinalExame;
			productName = BookeeFinalExame;
			productReference = EBB5840D1DA76C100098B9C3 /* BookeeFinalExame.app */;
			productType = "com.apple.product-type.application";
		};
/* End PBXNativeTarget section */

/* Begin PBXProject section */
		EBB584051DA76C100098B9C3 /* Project object */ = {
			isa = PBXProject;
			attributes = {
				LastSwiftUpdateCheck = 0800;
				LastUpgradeCheck = 0800;
				ORGANIZATIONNAME = "Alex Liang";
				TargetAttributes = {
					EBB5840C1DA76C100098B9C3 = {
						CreatedOnToolsVersion = 8.0;
						DevelopmentTeam = 8H7X36TF25;
						ProvisioningStyle = Automatic;
						SystemCapabilities = {
							com.apple.Maps.iOS = {
								enabled = 1;
							};
						};
					};
				};
			};
			buildConfigurationList = EBB584081DA76C100098B9C3 /* Build configuration list for PBXProject "BookeeFinalExame" */;
			compatibilityVersion = "Xcode 3.2";
			developmentRegion = English;
			hasScannedForEncodings = 0;
			knownRegions = (
				en,
				Base,
			);
			mainGroup = EBB584041DA76C100098B9C3;
			productRefGroup = EBB5840E1DA76C100098B9C3 /* Products */;
			projectDirPath = "";
			projectRoot = "";
			targets = (
				EBB5840C1DA76C100098B9C3 /* BookeeFinalExame */,
			);
		};
/* End PBXProject section */

/* Begin PBXResourcesBuildPhase section */
		EBB5840B1DA76C100098B9C3 /* Resources */ = {
			isa = PBXResourcesBuildPhase;
			buildActionMask = 2147483647;
			files = (
				EBB5841B1DA76C100098B9C3 /* LaunchScreen.storyboard in Resources */,
				EBB584291DA778720098B9C3 /* GoogleService-Info.plist in Resources */,
				EBB584181DA76C100098B9C3 /* Assets.xcassets in Resources */,
				EBB584161DA76C100098B9C3 /* Main.storyboard in Resources */,
			);
			runOnlyForDeploymentPostprocessing = 0;
		};
/* End PBXResourcesBuildPhase section */

/* Begin PBXShellScriptBuildPhase section */
		58BD6AA076FC893168398079 /* [CP] Embed Pods Frameworks */ = {
			isa = PBXShellScriptBuildPhase;
			buildActionMask = 2147483647;
			files = (
			);
			inputPaths = (
			);
			name = "[CP] Embed Pods Frameworks";
			outputPaths = (
			);
			runOnlyForDeploymentPostprocessing = 0;
			shellPath = /bin/sh;
			shellScript = "\"${SRCROOT}/Pods/Target Support Files/Pods-BookeeFinalExame/Pods-BookeeFinalExame-frameworks.sh\"\n";
			showEnvVarsInLog = 0;
		};
		6DAE90B417CC65B65578A93E /* [CP] Copy Pods Resources */ = {
			isa = PBXShellScriptBuildPhase;
			buildActionMask = 2147483647;
			files = (
			);
			inputPaths = (
			);
			name = "[CP] Copy Pods Resources";
			outputPaths = (
			);
			runOnlyForDeploymentPostprocessing = 0;
			shellPath = /bin/sh;
			shellScript = "\"${SRCROOT}/Pods/Target Support Files/Pods-BookeeFinalExame/Pods-BookeeFinalExame-resources.sh\"\n";
			showEnvVarsInLog = 0;
		};
		AEA6F649021149940FE80C6A /* [CP] Check Pods Manifest.lock */ = {
			isa = PBXShellScriptBuildPhase;
			buildActionMask = 2147483647;
			files = (
			);
			inputPaths = (
			);
			name = "[CP] Check Pods Manifest.lock";
			outputPaths = (
			);
			runOnlyForDeploymentPostprocessing = 0;
			shellPath = /bin/sh;
			shellScript = "diff \"${PODS_ROOT}/../Podfile.lock\" \"${PODS_ROOT}/Manifest.lock\" > /dev/null\nif [ $? != 0 ] ; then\n    # print error to STDERR\n    echo \"error: The sandbox is not in sync with the Podfile.lock. Run 'pod install' or update your CocoaPods installation.\" >&2\n    exit 1\nfi\n";
			showEnvVarsInLog = 0;
		};
/* End PBXShellScriptBuildPhase section */

/* Begin PBXSourcesBuildPhase section */
		EBB584091DA76C100098B9C3 /* Sources */ = {
			isa = PBXSourcesBuildPhase;
			buildActionMask = 2147483647;
			files = (
				EBB584111DA76C100098B9C3 /* AppDelegate.swift in Sources */,
				EBB584331DA797160098B9C3 /* BookCoverViewController.swift in Sources */,
				EBB584271DA771D10098B9C3 /* BookTableViewController.swift in Sources */,
				EBB584311DA78CC00098B9C3 /* CreateBookTableViewController.swift in Sources */,
				EBB584251DA771400098B9C3 /* Book.swift in Sources */,
				EBB5842F1DA783EC0098B9C3 /* BookDetailTableViewController.swift in Sources */,
				EBB584371DA79A330098B9C3 /* ShopMapViewController.swift in Sources */,
			);
			runOnlyForDeploymentPostprocessing = 0;
		};
/* End PBXSourcesBuildPhase section */

/* Begin PBXVariantGroup section */
		EBB584141DA76C100098B9C3 /* Main.storyboard */ = {
			isa = PBXVariantGroup;
			children = (
				EBB584151DA76C100098B9C3 /* Base */,
			);
			name = Main.storyboard;
			sourceTree = "<group>";
		};
		EBB584191DA76C100098B9C3 /* LaunchScreen.storyboard */ = {
			isa = PBXVariantGroup;
			children = (
				EBB5841A1DA76C100098B9C3 /* Base */,
			);
			name = LaunchScreen.storyboard;
			sourceTree = "<group>";
		};
/* End PBXVariantGroup section */

/* Begin XCBuildConfiguration section */
		EBB5841D1DA76C100098B9C3 /* Debug */ = {
			isa = XCBuildConfiguration;
			buildSettings = {
				ALWAYS_SEARCH_USER_PATHS = NO;
				CLANG_ANALYZER_NONNULL = YES;
				CLANG_CXX_LANGUAGE_STANDARD = "gnu++0x";
				CLANG_CXX_LIBRARY = "libc++";
				CLANG_ENABLE_MODULES = YES;
				CLANG_ENABLE_OBJC_ARC = YES;
				CLANG_WARN_BOOL_CONVERSION = YES;
				CLANG_WARN_CONSTANT_CONVERSION = YES;
				CLANG_WARN_DIRECT_OBJC_ISA_USAGE = YES_ERROR;
				CLANG_WARN_DOCUMENTATION_COMMENTS = YES;
				CLANG_WARN_EMPTY_BODY = YES;
				CLANG_WARN_ENUM_CONVERSION = YES;
				CLANG_WARN_INFINITE_RECURSION = YES;
				CLANG_WARN_INT_CONVERSION = YES;
				CLANG_WARN_OBJC_ROOT_CLASS = YES_ERROR;
				CLANG_WARN_SUSPICIOUS_MOVES = YES;
				CLANG_WARN_UNREACHABLE_CODE = YES;
				CLANG_WARN__DUPLICATE_METHOD_MATCH = YES;
				"CODE_SIGN_IDENTITY[sdk=iphoneos*]" = "iPhone Developer";
				COPY_PHASE_STRIP = NO;
				DEBUG_INFORMATION_FORMAT = dwarf;
				ENABLE_STRICT_OBJC_MSGSEND = YES;
				ENABLE_TESTABILITY = YES;
				GCC_C_LANGUAGE_STANDARD = gnu99;
				GCC_DYNAMIC_NO_PIC = NO;
				GCC_NO_COMMON_BLOCKS = YES;
				GCC_OPTIMIZATION_LEVEL = 0;
				GCC_PREPROCESSOR_DEFINITIONS = (
					"DEBUG=1",
					"$(inherited)",
				);
				GCC_WARN_64_TO_32_BIT_CONVERSION = YES;
				GCC_WARN_ABOUT_RETURN_TYPE = YES_ERROR;
				GCC_WARN_UNDECLARED_SELECTOR = YES;
				GCC_WARN_UNINITIALIZED_AUTOS = YES_AGGRESSIVE;
				GCC_WARN_UNUSED_FUNCTION = YES;
				GCC_WARN_UNUSED_VARIABLE = YES;
				IPHONEOS_DEPLOYMENT_TARGET = 10.0;
				MTL_ENABLE_DEBUG_INFO = YES;
				ONLY_ACTIVE_ARCH = YES;
				SDKROOT = iphoneos;
				SWIFT_ACTIVE_COMPILATION_CONDITIONS = DEBUG;
				SWIFT_OPTIMIZATION_LEVEL = "-Onone";
			};
			name = Debug;
		};
		EBB5841E1DA76C100098B9C3 /* Release */ = {
			isa = XCBuildConfiguration;
			buildSettings = {
				ALWAYS_SEARCH_USER_PATHS = NO;
				CLANG_ANALYZER_NONNULL = YES;
				CLANG_CXX_LANGUAGE_STANDARD = "gnu++0x";
				CLANG_CXX_LIBRARY = "libc++";
				CLANG_ENABLE_MODULES = YES;
				CLANG_ENABLE_OBJC_ARC = YES;
				CLANG_WARN_BOOL_CONVERSION = YES;
				CLANG_WARN_CONSTANT_CONVERSION = YES;
				CLANG_WARN_DIRECT_OBJC_ISA_USAGE = YES_ERROR;
				CLANG_WARN_DOCUMENTATION_COMMENTS = YES;
				CLANG_WARN_EMPTY_BODY = YES;
				CLANG_WARN_ENUM_CONVERSION = YES;
				CLANG_WARN_INFINITE_RECURSION = YES;
				CLANG_WARN_INT_CONVERSION = YES;
				CLANG_WARN_OBJC_ROOT_CLASS = YES_ERROR;
				CLANG_WARN_SUSPICIOUS_MOVES = YES;
				CLANG_WARN_UNREACHABLE_CODE = YES;
				CLANG_WARN__DUPLICATE_METHOD_MATCH = YES;
				"CODE_SIGN_IDENTITY[sdk=iphoneos*]" = "iPhone Developer";
				COPY_PHASE_STRIP = NO;
				DEBUG_INFORMATION_FORMAT = "dwarf-with-dsym";
				ENABLE_NS_ASSERTIONS = NO;
				ENABLE_STRICT_OBJC_MSGSEND = YES;
				GCC_C_LANGUAGE_STANDARD = gnu99;
				GCC_NO_COMMON_BLOCKS = YES;
				GCC_WARN_64_TO_32_BIT_CONVERSION = YES;
				GCC_WARN_ABOUT_RETURN_TYPE = YES_ERROR;
				GCC_WARN_UNDECLARED_SELECTOR = YES;
				GCC_WARN_UNINITIALIZED_AUTOS = YES_AGGRESSIVE;
				GCC_WARN_UNUSED_FUNCTION = YES;
				GCC_WARN_UNUSED_VARIABLE = YES;
				IPHONEOS_DEPLOYMENT_TARGET = 10.0;
				MTL_ENABLE_DEBUG_INFO = NO;
				SDKROOT = iphoneos;
				SWIFT_OPTIMIZATION_LEVEL = "-Owholemodule";
				VALIDATE_PRODUCT = YES;
			};
			name = Release;
		};
		EBB584201DA76C100098B9C3 /* Debug */ = {
			isa = XCBuildConfiguration;
			baseConfigurationReference = 24AE6232FFE5FE11D801BB6F /* Pods-BookeeFinalExame.debug.xcconfig */;
			buildSettings = {
				ASSETCATALOG_COMPILER_APPICON_NAME = AppIcon;
				DEVELOPMENT_TEAM = 8H7X36TF25;
				INFOPLIST_FILE = BookeeFinalExame/Info.plist;
				LD_RUNPATH_SEARCH_PATHS = "$(inherited) @executable_path/Frameworks";
				PRODUCT_BUNDLE_IDENTIFIER = com.alexliang.BookeeFinalExame;
				PRODUCT_NAME = "$(TARGET_NAME)";
				SWIFT_VERSION = 2.3;
			};
			name = Debug;
		};
		EBB584211DA76C100098B9C3 /* Release */ = {
			isa = XCBuildConfiguration;
			baseConfigurationReference = 45FF8215784EE323DED5CC0B /* Pods-BookeeFinalExame.release.xcconfig */;
			buildSettings = {
				ASSETCATALOG_COMPILER_APPICON_NAME = AppIcon;
				DEVELOPMENT_TEAM = 8H7X36TF25;
				INFOPLIST_FILE = BookeeFinalExame/Info.plist;
				LD_RUNPATH_SEARCH_PATHS = "$(inherited) @executable_path/Frameworks";
				PRODUCT_BUNDLE_IDENTIFIER = com.alexliang.BookeeFinalExame;
				PRODUCT_NAME = "$(TARGET_NAME)";
				SWIFT_VERSION = 2.3;
			};
			name = Release;
		};
/* End XCBuildConfiguration section */

/* Begin XCConfigurationList section */
		EBB584081DA76C100098B9C3 /* Build configuration list for PBXProject "BookeeFinalExame" */ = {
			isa = XCConfigurationList;
			buildConfigurations = (
				EBB5841D1DA76C100098B9C3 /* Debug */,
				EBB5841E1DA76C100098B9C3 /* Release */,
			);
			defaultConfigurationIsVisible = 0;
			defaultConfigurationName = Release;
		};
		EBB5841F1DA76C100098B9C3 /* Build configuration list for PBXNativeTarget "BookeeFinalExame" */ = {
			isa = XCConfigurationList;
			buildConfigurations = (
				EBB584201DA76C100098B9C3 /* Debug */,
				EBB584211DA76C100098B9C3 /* Release */,
			);
			defaultConfigurationIsVisible = 0;
			defaultConfigurationName = Release;
		};
/* End XCConfigurationList section */
	};
	rootObject = EBB584051DA76C100098B9C3 /* Project object */;
}
